// !$*UTF8*$!
{
	archiveVersion = 1;
	classes = {
	};
	objectVersion = 50;
	objects = {

/* Begin PBXBuildFile section */
		039909C721818BE500E0DC69 /* AppDelegate.swift in Sources */ = {isa = PBXBuildFile; fileRef = 039909C621818BE500E0DC69 /* AppDelegate.swift */; };
		039909C921818BE600E0DC69 /* ViewController.swift in Sources */ = {isa = PBXBuildFile; fileRef = 039909C821818BE600E0DC69 /* ViewController.swift */; };
		039909CC21818BE600E0DC69 /* Main.storyboard in Resources */ = {isa = PBXBuildFile; fileRef = 039909CA21818BE600E0DC69 /* Main.storyboard */; };
		039909CF21818BE600E0DC69 /* NavigationTitleDropDown.xcdatamodeld in Sources */ = {isa = PBXBuildFile; fileRef = 039909CD21818BE600E0DC69 /* NavigationTitleDropDown.xcdatamodeld */; };
		039909D121818BE700E0DC69 /* Assets.xcassets in Resources */ = {isa = PBXBuildFile; fileRef = 039909D021818BE700E0DC69 /* Assets.xcassets */; };
		039909D421818BE700E0DC69 /* LaunchScreen.storyboard in Resources */ = {isa = PBXBuildFile; fileRef = 039909D221818BE700E0DC69 /* LaunchScreen.storyboard */; };
		039909E72181C0CD00E0DC69 /* NavigationTitleDropDownButton.swift in Sources */ = {isa = PBXBuildFile; fileRef = 039909E62181C0CD00E0DC69 /* NavigationTitleDropDownButton.swift */; };
		039909EA2181C43600E0DC69 /* ic_readMe.png in Resources */ = {isa = PBXBuildFile; fileRef = 039909E92181C43600E0DC69 /* ic_readMe.png */; };
/* End PBXBuildFile section */

/* Begin PBXFileReference section */
		039909C321818BE500E0DC69 /* NavigationTitleDropDown.app */ = {isa = PBXFileReference; explicitFileType = wrapper.application; includeInIndex = 0; path = NavigationTitleDropDown.app; sourceTree = BUILT_PRODUCTS_DIR; };
		039909C621818BE500E0DC69 /* AppDelegate.swift */ = {isa = PBXFileReference; lastKnownFileType = sourcecode.swift; path = AppDelegate.swift; sourceTree = "<group>"; };
		039909C821818BE600E0DC69 /* ViewController.swift */ = {isa = PBXFileReference; lastKnownFileType = sourcecode.swift; path = ViewController.swift; sourceTree = "<group>"; };
		039909CB21818BE600E0DC69 /* Base */ = {isa = PBXFileReference; lastKnownFileType = file.storyboard; name = Base; path = Base.lproj/Main.storyboard; sourceTree = "<group>"; };
		039909CE21818BE600E0DC69 /* NavigationTitleDropDown.xcdatamodel */ = {isa = PBXFileReference; lastKnownFileType = wrapper.xcdatamodel; path = NavigationTitleDropDown.xcdatamodel; sourceTree = "<group>"; };
		039909D021818BE700E0DC69 /* Assets.xcassets */ = {isa = PBXFileReference; lastKnownFileType = folder.assetcatalog; path = Assets.xcassets; sourceTree = "<group>"; };
		039909D321818BE700E0DC69 /* Base */ = {isa = PBXFileReference; lastKnownFileType = file.storyboard; name = Base; path = Base.lproj/LaunchScreen.storyboard; sourceTree = "<group>"; };
		039909D521818BE700E0DC69 /* Info.plist */ = {isa = PBXFileReference; lastKnownFileType = text.plist.xml; path = Info.plist; sourceTree = "<group>"; };
		039909E62181C0CD00E0DC69 /* NavigationTitleDropDownButton.swift */ = {isa = PBXFileReference; fileEncoding = 4; lastKnownFileType = sourcecode.swift; path = NavigationTitleDropDownButton.swift; sourceTree = "<group>"; };
		039909E82181C34200E0DC69 /* README.md */ = {isa = PBXFileReference; lastKnownFileType = net.daringfireball.markdown; path = README.md; sourceTree = "<group>"; };
		039909E92181C43600E0DC69 /* ic_readMe.png */ = {isa = PBXFileReference; lastKnownFileType = image.png; path = ic_readMe.png; sourceTree = "<group>"; };
/* End PBXFileReference section */

/* Begin PBXFrameworksBuildPhase section */
		039909C021818BE500E0DC69 /* Frameworks */ = {
			isa = PBXFrameworksBuildPhase;
			buildActionMask = 2147483647;
			files = (
			);
			runOnlyForDeploymentPostprocessing = 0;
		};
/* End PBXFrameworksBuildPhase section */

/* Begin PBXGroup section */
		039909BA21818BE500E0DC69 = {
			isa = PBXGroup;
			children = (
				039909E82181C34200E0DC69 /* README.md */,
				039909E92181C43600E0DC69 /* ic_readMe.png */,
				039909C521818BE500E0DC69 /* NavigationTitleDropDown */,
				039909C421818BE500E0DC69 /* Products */,
			);
			sourceTree = "<group>";
		};
		039909C421818BE500E0DC69 /* Products */ = {
			isa = PBXGroup;
			children = (
				039909C321818BE500E0DC69 /* NavigationTitleDropDown.app */,
			);
			name = Products;
			sourceTree = "<group>";
		};
		039909C521818BE500E0DC69 /* NavigationTitleDropDown */ = {
			isa = PBXGroup;
			children = (
				039909DF21818C1000E0DC69 /* Models */,
				039909DD21818C0100E0DC69 /* Assets */,
				039909DC21818BF900E0DC69 /* Storyboards */,
				039909DB21818BED00E0DC69 /* Classes */,
				039909E121818C3C00E0DC69 /* OtherClasses */,
				039909DE21818C0700E0DC69 /* Resources */,
			);
			path = NavigationTitleDropDown;
			sourceTree = "<group>";
		};
		039909DB21818BED00E0DC69 /* Classes */ = {
			isa = PBXGroup;
			children = (
				039909C621818BE500E0DC69 /* AppDelegate.swift */,
				039909C821818BE600E0DC69 /* ViewController.swift */,
			);
			path = Classes;
			sourceTree = "<group>";
		};
		039909DC21818BF900E0DC69 /* Storyboards */ = {
			isa = PBXGroup;
			children = (
				039909CA21818BE600E0DC69 /* Main.storyboard */,
				039909D221818BE700E0DC69 /* LaunchScreen.storyboard */,
			);
			path = Storyboards;
			sourceTree = "<group>";
		};
		039909DD21818C0100E0DC69 /* Assets */ = {
			isa = PBXGroup;
			children = (
				039909D021818BE700E0DC69 /* Assets.xcassets */,
			);
			path = Assets;
			sourceTree = "<group>";
		};
		039909DE21818C0700E0DC69 /* Resources */ = {
			isa = PBXGroup;
			children = (
				039909D521818BE700E0DC69 /* Info.plist */,
			);
			path = Resources;
			sourceTree = "<group>";
		};
		039909DF21818C1000E0DC69 /* Models */ = {
			isa = PBXGroup;
			children = (
				039909E021818C2600E0DC69 /* CoreData */,
			);
			path = Models;
			sourceTree = "<group>";
		};
		039909E021818C2600E0DC69 /* CoreData */ = {
			isa = PBXGroup;
			children = (
				039909CD21818BE600E0DC69 /* NavigationTitleDropDown.xcdatamodeld */,
			);
			path = CoreData;
			sourceTree = "<group>";
		};
		039909E121818C3C00E0DC69 /* OtherClasses */ = {
			isa = PBXGroup;
			children = (
				039909E62181C0CD00E0DC69 /* NavigationTitleDropDownButton.swift */,
			);
			path = OtherClasses;
			sourceTree = "<group>";
		};
/* End PBXGroup section */

/* Begin PBXNativeTarget section */
		039909C221818BE500E0DC69 /* NavigationTitleDropDown */ = {
			isa = PBXNativeTarget;
			buildConfigurationList = 039909D821818BE700E0DC69 /* Build configuration list for PBXNativeTarget "NavigationTitleDropDown" */;
			buildPhases = (
				039909BF21818BE500E0DC69 /* Sources */,
				039909C021818BE500E0DC69 /* Frameworks */,
				039909C121818BE500E0DC69 /* Resources */,
			);
			buildRules = (
			);
			dependencies = (
			);
			name = NavigationTitleDropDown;
			productName = NavigationTitleDropDown;
			productReference = 039909C321818BE500E0DC69 /* NavigationTitleDropDown.app */;
			productType = "com.apple.product-type.application";
		};
/* End PBXNativeTarget section */

/* Begin PBXProject section */
		039909BB21818BE500E0DC69 /* Project object */ = {
			isa = PBXProject;
			attributes = {
				LastSwiftUpdateCheck = 1000;
				LastUpgradeCheck = 1000;
				ORGANIZATIONNAME = Yudiz;
				TargetAttributes = {
					039909C221818BE500E0DC69 = {
						CreatedOnToolsVersion = 10.0;
					};
				};
			};
			buildConfigurationList = 039909BE21818BE500E0DC69 /* Build configuration list for PBXProject "NavigationTitleDropDown" */;
			compatibilityVersion = "Xcode 9.3";
			developmentRegion = en;
			hasScannedForEncodings = 0;
			knownRegions = (
				en,
				Base,
			);
			mainGroup = 039909BA21818BE500E0DC69;
			productRefGroup = 039909C421818BE500E0DC69 /* Products */;
			projectDirPath = "";
			projectRoot = "";
			targets = (
				039909C221818BE500E0DC69 /* NavigationTitleDropDown */,
			);
		};
/* End PBXProject section */

/* Begin PBXResourcesBuildPhase section */
		039909C121818BE500E0DC69 /* Resources */ = {
			isa = PBXResourcesBuildPhase;
			buildActionMask = 2147483647;
			files = (
				039909D421818BE700E0DC69 /* LaunchScreen.storyboard in Resources */,
				039909D121818BE700E0DC69 /* Assets.xcassets in Resources */,
				039909CC21818BE600E0DC69 /* Main.storyboard in Resources */,
				039909EA2181C43600E0DC69 /* ic_readMe.png in Resources */,
			);
			runOnlyForDeploymentPostprocessing = 0;
		};
/* End PBXResourcesBuildPhase section */

/* Begin PBXSourcesBuildPhase section */
		039909BF21818BE500E0DC69 /* Sources */ = {
			isa = PBXSourcesBuildPhase;
			buildActionMask = 2147483647;
			files = (
				039909E72181C0CD00E0DC69 /* NavigationTitleDropDownButton.swift in Sources */,
				039909CF21818BE600E0DC69 /* NavigationTitleDropDown.xcdatamodeld in Sources */,
				039909C921818BE600E0DC69 /* ViewController.swift in Sources */,
				039909C721818BE500E0DC69 /* AppDelegate.swift in Sources */,
			);
			runOnlyForDeploymentPostprocessing = 0;
		};
/* End PBXSourcesBuildPhase section */

/* Begin PBXVariantGroup section */
		039909CA21818BE600E0DC69 /* Main.storyboard */ = {
			isa = PBXVariantGroup;
			children = (
				039909CB21818BE600E0DC69 /* Base */,
			);
			name = Main.storyboard;
			sourceTree = "<group>";
		};
		039909D221818BE700E0DC69 /* LaunchScreen.storyboard */ = {
			isa = PBXVariantGroup;
			children = (
				039909D321818BE700E0DC69 /* Base */,
			);
			name = LaunchScreen.storyboard;
			sourceTree = "<group>";
		};
/* End PBXVariantGroup section */

/* Begin XCBuildConfiguration section */
		039909D621818BE700E0DC69 /* Debug */ = {
			isa = XCBuildConfiguration;
			buildSettings = {
				ALWAYS_SEARCH_USER_PATHS = NO;
				CLANG_ANALYZER_NONNULL = YES;
				CLANG_ANALYZER_NUMBER_OBJECT_CONVERSION = YES_AGGRESSIVE;
				CLANG_CXX_LANGUAGE_STANDARD = "gnu++14";
				CLANG_CXX_LIBRARY = "libc++";
				CLANG_ENABLE_MODULES = YES;
				CLANG_ENABLE_OBJC_ARC = YES;
				CLANG_ENABLE_OBJC_WEAK = YES;
				CLANG_WARN_BLOCK_CAPTURE_AUTORELEASING = YES;
				CLANG_WARN_BOOL_CONVERSION = YES;
				CLANG_WARN_COMMA = YES;
				CLANG_WARN_CONSTANT_CONVERSION = YES;
				CLANG_WARN_DEPRECATED_OBJC_IMPLEMENTATIONS = YES;
				CLANG_WARN_DIRECT_OBJC_ISA_USAGE = YES_ERROR;
				CLANG_WARN_DOCUMENTATION_COMMENTS = YES;
				CLANG_WARN_EMPTY_BODY = YES;
				CLANG_WARN_ENUM_CONVERSION = YES;
				CLANG_WARN_INFINITE_RECURSION = YES;
				CLANG_WARN_INT_CONVERSION = YES;
				CLANG_WARN_NON_LITERAL_NULL_CONVERSION = YES;
				CLANG_WARN_OBJC_IMPLICIT_RETAIN_SELF = YES;
				CLANG_WARN_OBJC_LITERAL_CONVERSION = YES;
				CLANG_WARN_OBJC_ROOT_CLASS = YES_ERROR;
				CLANG_WARN_RANGE_LOOP_ANALYSIS = YES;
				CLANG_WARN_STRICT_PROTOTYPES = YES;
				CLANG_WARN_SUSPICIOUS_MOVE = YES;
				CLANG_WARN_UNGUARDED_AVAILABILITY = YES_AGGRESSIVE;
				CLANG_WARN_UNREACHABLE_CODE = YES;
				CLANG_WARN__DUPLICATE_METHOD_MATCH = YES;
				CODE_SIGN_IDENTITY = "iPhone Developer";
				COPY_PHASE_STRIP = NO;
				DEBUG_INFORMATION_FORMAT = dwarf;
				ENABLE_STRICT_OBJC_MSGSEND = YES;
				ENABLE_TESTABILITY = YES;
				GCC_C_LANGUAGE_STANDARD = gnu11;
				GCC_DYNAMIC_NO_PIC = NO;
				GCC_NO_COMMON_BLOCKS = YES;
				GCC_OPTIMIZATION_LEVEL = 0;
				GCC_PREPROCESSOR_DEFINITIONS = (
					"DEBUG=1",
					"$(inherited)",
				);
				GCC_WARN_64_TO_32_BIT_CONVERSION = YES;
				GCC_WARN_ABOUT_RETURN_TYPE = YES_ERROR;
				GCC_WARN_UNDECLARED_SELECTOR = YES;
				GCC_WARN_UNINITIALIZED_AUTOS = YES_AGGRESSIVE;
				GCC_WARN_UNUSED_FUNCTION = YES;
				GCC_WARN_UNUSED_VARIABLE = YES;
				IPHONEOS_DEPLOYMENT_TARGET = 12.0;
				MTL_ENABLE_DEBUG_INFO = INCLUDE_SOURCE;
				MTL_FAST_MATH = YES;
				ONLY_ACTIVE_ARCH = YES;
				SDKROOT = iphoneos;
				SWIFT_ACTIVE_COMPILATION_CONDITIONS = DEBUG;
				SWIFT_OPTIMIZATION_LEVEL = "-Onone";
			};
			name = Debug;
		};
		039909D721818BE700E0DC69 /* Release */ = {
			isa = XCBuildConfiguration;
			buildSettings = {
				ALWAYS_SEARCH_USER_PATHS = NO;
				CLANG_ANALYZER_NONNULL = YES;
				CLANG_ANALYZER_NUMBER_OBJECT_CONVERSION = YES_AGGRESSIVE;
				CLANG_CXX_LANGUAGE_STANDARD = "gnu++14";
				CLANG_CXX_LIBRARY = "libc++";
				CLANG_ENABLE_MODULES = YES;
				CLANG_ENABLE_OBJC_ARC = YES;
				CLANG_ENABLE_OBJC_WEAK = YES;
				CLANG_WARN_BLOCK_CAPTURE_AUTORELEASING = YES;
				CLANG_WARN_BOOL_CONVERSION = YES;
				CLANG_WARN_COMMA = YES;
				CLANG_WARN_CONSTANT_CONVERSION = YES;
				CLANG_WARN_DEPRECATED_OBJC_IMPLEMENTATIONS = YES;
				CLANG_WARN_DIRECT_OBJC_ISA_USAGE = YES_ERROR;
				CLANG_WARN_DOCUMENTATION_COMMENTS = YES;
				CLANG_WARN_EMPTY_BODY = YES;
				CLANG_WARN_ENUM_CONVERSION = YES;
				CLANG_WARN_INFINITE_RECURSION = YES;
				CLANG_WARN_INT_CONVERSION = YES;
				CLANG_WARN_NON_LITERAL_NULL_CONVERSION = YES;
				CLANG_WARN_OBJC_IMPLICIT_RETAIN_SELF = YES;
				CLANG_WARN_OBJC_LITERAL_CONVERSION = YES;
				CLANG_WARN_OBJC_ROOT_CLASS = YES_ERROR;
				CLANG_WARN_RANGE_LOOP_ANALYSIS = YES;
				CLANG_WARN_STRICT_PROTOTYPES = YES;
				CLANG_WARN_SUSPICIOUS_MOVE = YES;
				CLANG_WARN_UNGUARDED_AVAILABILITY = YES_AGGRESSIVE;
				CLANG_WARN_UNREACHABLE_CODE = YES;
				CLANG_WARN__DUPLICATE_METHOD_MATCH = YES;
				CODE_SIGN_IDENTITY = "iPhone Developer";
				COPY_PHASE_STRIP = NO;
				DEBUG_INFORMATION_FORMAT = "dwarf-with-dsym";
				ENABLE_NS_ASSERTIONS = NO;
				ENABLE_STRICT_OBJC_MSGSEND = YES;
				GCC_C_LANGUAGE_STANDARD = gnu11;
				GCC_NO_COMMON_BLOCKS = YES;
				GCC_WARN_64_TO_32_BIT_CONVERSION = YES;
				GCC_WARN_ABOUT_RETURN_TYPE = YES_ERROR;
				GCC_WARN_UNDECLARED_SELECTOR = YES;
				GCC_WARN_UNINITIALIZED_AUTOS = YES_AGGRESSIVE;
				GCC_WARN_UNUSED_FUNCTION = YES;
				GCC_WARN_UNUSED_VARIABLE = YES;
				IPHONEOS_DEPLOYMENT_TARGET = 12.0;
				MTL_ENABLE_DEBUG_INFO = NO;
				MTL_FAST_MATH = YES;
				SDKROOT = iphoneos;
				SWIFT_COMPILATION_MODE = wholemodule;
				SWIFT_OPTIMIZATION_LEVEL = "-O";
				VALIDATE_PRODUCT = YES;
			};
			name = Release;
		};
		039909D921818BE700E0DC69 /* Debug */ = {
			isa = XCBuildConfiguration;
			buildSettings = {
				ASSETCATALOG_COMPILER_APPICON_NAME = AppIcon;
				CODE_SIGN_STYLE = Manual;
				DEVELOPMENT_TEAM = "";
				INFOPLIST_FILE = "$(SRCROOT)/NavigationTitleDropDown/Resources/Info.plist";
				LD_RUNPATH_SEARCH_PATHS = (
					"$(inherited)",
					"@executable_path/Frameworks",
				);
				PRODUCT_BUNDLE_IDENTIFIER = com.yudiz.NavigationTitleDropDown;
				PRODUCT_NAME = "$(TARGET_NAME)";
				PROVISIONING_PROFILE_SPECIFIER = "";
				SWIFT_VERSION = 4.2;
				TARGETED_DEVICE_FAMILY = "1,2";
			};
			name = Debug;
		};
		039909DA21818BE700E0DC69 /* Release */ = {
			isa = XCBuildConfiguration;
			buildSettings = {
				ASSETCATALOG_COMPILER_APPICON_NAME = AppIcon;
				CODE_SIGN_STYLE = Manual;
				DEVELOPMENT_TEAM = "";
				INFOPLIST_FILE = "$(SRCROOT)/NavigationTitleDropDown/Resources/Info.plist";
				LD_RUNPATH_SEARCH_PATHS = (
					"$(inherited)",
					"@executable_path/Frameworks",
				);
				PRODUCT_BUNDLE_IDENTIFIER = com.yudiz.NavigationTitleDropDown;
				PRODUCT_NAME = "$(TARGET_NAME)";
				PROVISIONING_PROFILE_SPECIFIER = "";
				SWIFT_VERSION = 4.2;
				TARGETED_DEVICE_FAMILY = "1,2";
			};
			name = Release;
		};
/* End XCBuildConfiguration section */

/* Begin XCConfigurationList section */
		039909BE21818BE500E0DC69 /* Build configuration list for PBXProject "NavigationTitleDropDown" */ = {
			isa = XCConfigurationList;
			buildConfigurations = (
				039909D621818BE700E0DC69 /* Debug */,
				039909D721818BE700E0DC69 /* Release */,
			);
			defaultConfigurationIsVisible = 0;
			defaultConfigurationName = Release;
		};
		039909D821818BE700E0DC69 /* Build configuration list for PBXNativeTarget "NavigationTitleDropDown" */ = {
			isa = XCConfigurationList;
			buildConfigurations = (
				039909D921818BE700E0DC69 /* Debug */,
				039909DA21818BE700E0DC69 /* Release */,
			);
			defaultConfigurationIsVisible = 0;
			defaultConfigurationName = Release;
		};
/* End XCConfigurationList section */

/* Begin XCVersionGroup section */
		039909CD21818BE600E0DC69 /* NavigationTitleDropDown.xcdatamodeld */ = {
			isa = XCVersionGroup;
			children = (
				039909CE21818BE600E0DC69 /* NavigationTitleDropDown.xcdatamodel */,
			);
			currentVersion = 039909CE21818BE600E0DC69 /* NavigationTitleDropDown.xcdatamodel */;
			path = NavigationTitleDropDown.xcdatamodeld;
			sourceTree = "<group>";
			versionGroupType = wrapper.xcdatamodel;
		};
/* End XCVersionGroup section */
	};
	rootObject = 039909BB21818BE500E0DC69 /* Project object */;
}
